{
  "version": 4,
  "terraform_version": "0.14.7",
  "serial": 4,
  "lineage": "a2a197c5-72b7-f545-231d-99f991e89fd1",
  "outputs": {
    "bucket_name": {
      "value": "tmp-dir-bucket-77880e06",
      "type": "string"
    },
    "df_job_id": {
      "value": "2021-03-25_03_47_51-10511001594351944854",
      "type": "string"
    },
    "df_job_name": {
      "value": "dataflowkitchen",
      "type": "string"
    },
    "df_job_state": {
      "value": "JOB_STATE_PENDING",
      "type": "string"
    },
    "project_id": {
      "value": "terraformlearning-284414",
      "type": "string"
    },
    "region": {
      "value": "us-central1",
      "type": "string"
    }
  },
  "resources": [
    {
      "mode": "managed",
      "type": "random_id",
      "name": "random_suffix",
      "provider": "provider[\"registry.terraform.io/hashicorp/random\"]",
      "instances": [
        {
          "schema_version": 0,
          "attributes": {
            "b64_std": "d4gOBg==",
            "b64_url": "d4gOBg",
            "byte_length": 4,
            "dec": "2005405190",
            "hex": "77880e06",
            "id": "d4gOBg",
            "keepers": null,
            "prefix": null
          },
          "sensitive_attributes": [],
          "private": "bnVsbA=="
        }
      ]
    },
    {
      "module": "module.dataflow-bucket",
      "mode": "managed",
      "type": "google_storage_bucket",
      "name": "tmp_dir_bucket",
      "provider": "provider[\"registry.terraform.io/hashicorp/google\"]",
      "instances": [
        {
          "schema_version": 0,
          "attributes": {
            "bucket_policy_only": false,
            "cors": [],
            "encryption": [],
            "force_destroy": false,
            "id": "tmp-dir-bucket-77880e06",
            "labels": null,
            "lifecycle_rule": [],
            "location": "US-CENTRAL1",
            "logging": [],
            "name": "tmp-dir-bucket-77880e06",
            "project": "terraformlearning-284414",
            "requester_pays": false,
            "retention_policy": [],
            "self_link": "https://www.googleapis.com/storage/v1/b/tmp-dir-bucket-77880e06",
            "storage_class": "REGIONAL",
            "url": "gs://tmp-dir-bucket-77880e06",
            "versioning": [],
            "website": []
          },
          "sensitive_attributes": [],
          "private": "bnVsbA==",
          "dependencies": [
            "random_id.random_suffix"
          ]
        }
      ]
    },
    {
      "module": "module.dataflow-job",
      "mode": "managed",
      "type": "google_dataflow_job",
      "name": "dataflow_job",
      "provider": "module.dataflow-job.provider[\"registry.terraform.io/hashicorp/google\"]",
      "instances": [
        {
          "schema_version": 0,
          "attributes": {
            "id": "2021-03-25_03_47_51-10511001594351944854",
            "ip_configuration": null,
            "labels": null,
            "machine_type": "n1-standard-1",
            "max_workers": 1,
            "name": "dataflowkitchen",
            "network": "mynewnetwork",
            "on_delete": "cancel",
            "parameters": {
              "inputFile": "gs://dataflow-samples/shakespeare/kinglear.txt",
              "output": "gs://jit/output/"
            },
            "project": "terraformlearning-284414",
            "region": null,
            "service_account_email": "dataflow@terraformlearning-284414.iam.gserviceaccount.com",
            "state": "JOB_STATE_PENDING",
            "subnetwork": "regions/us-central1/subnetworks/mynewnetwork",
            "temp_gcs_location": "tmp-dir-bucket-77880e06",
            "template_gcs_path": "gs://jit/templates/template-name.json",
            "zone": "us-central1-a"
          },
          "sensitive_attributes": [],
          "private": "bnVsbA==",
          "dependencies": [
            "random_id.random_suffix"
          ]
        }
      ]
    }
  ]
}
